
Microsoft Visual Studio Solution File, Format Version 12.00
# Visual Studio 14
VisualStudioVersion = 14.0.25123.0
MinimumVisualStudioVersion = 10.0.40219.1
Project("{FAE04EC0-301F-11D3-BF4B-00C04F79EFBC}") = "Fibonacci", "Fibonacci\Fibonacci.csproj", "{5EAED835-66C7-4273-B155-D37C4F6016FA}"
EndProject
Project("{FAE04EC0-301F-11D3-BF4B-00C04F79EFBC}") = "Tests", "Tests\Tests.csproj", "{4E547FF7-7347-4F03-ADDE-AE04362578F7}"
EndProject
Project("{FAE04EC0-301F-11D3-BF4B-00C04F79EFBC}") = "Bowling", "Bowling\Bowling.csproj", "{CDED0B6E-CE54-4790-BEF6-D7BBC105BC6D}"
EndProject
Project("{FAE04EC0-301F-11D3-BF4B-00C04F79EFBC}") = "General", "General\General.csproj", "{F3C37FE0-613F-49EF-BE8E-546A971089F8}"
EndProject
Project("{FAE04EC0-301F-11D3-BF4B-00C04F79EFBC}") = "DepencyInjectionExample", "DepencyInjectionExample\DepencyInjectionExample.csproj", "{193CFF27-056C-4F2B-9C9A-7B53D473D1DF}"
EndProject
Global
	GlobalSection(SolutionConfigurationPlatforms) = preSolution
		Debug|Any CPU = Debug|Any CPU
		Release|Any CPU = Release|Any CPU
	EndGlobalSection
	GlobalSection(ProjectConfigurationPlatforms) = postSolution
		{5EAED835-66C7-4273-B155-D37C4F6016FA}.Debug|Any CPU.ActiveCfg = Debug|Any CPU
		{5EAED835-66C7-4273-B155-D37C4F6016FA}.Debug|Any CPU.Build.0 = Debug|Any CPU
		{5EAED835-66C7-4273-B155-D37C4F6016FA}.Release|Any CPU.ActiveCfg = Release|Any CPU
		{5EAED835-66C7-4273-B155-D37C4F6016FA}.Release|Any CPU.Build.0 = Release|Any CPU
		{4E547FF7-7347-4F03-ADDE-AE04362578F7}.Debug|Any CPU.ActiveCfg = Debug|Any CPU
		{4E547FF7-7347-4F03-ADDE-AE04362578F7}.Debug|Any CPU.Build.0 = Debug|Any CPU
		{4E547FF7-7347-4F03-ADDE-AE04362578F7}.Release|Any CPU.ActiveCfg = Release|Any CPU
		{4E547FF7-7347-4F03-ADDE-AE04362578F7}.Release|Any CPU.Build.0 = Release|Any CPU
		{CDED0B6E-CE54-4790-BEF6-D7BBC105BC6D}.Debug|Any CPU.ActiveCfg = Debug|Any CPU
		{CDED0B6E-CE54-4790-BEF6-D7BBC105BC6D}.Debug|Any CPU.Build.0 = Debug|Any CPU
		{CDED0B6E-CE54-4790-BEF6-D7BBC105BC6D}.Release|Any CPU.ActiveCfg = Release|Any CPU
		{CDED0B6E-CE54-4790-BEF6-D7BBC105BC6D}.Release|Any CPU.Build.0 = Release|Any CPU
		{F3C37FE0-613F-49EF-BE8E-546A971089F8}.Debug|Any CPU.ActiveCfg = Debug|Any CPU
		{F3C37FE0-613F-49EF-BE8E-546A971089F8}.Debug|Any CPU.Build.0 = Debug|Any CPU
		{F3C37FE0-613F-49EF-BE8E-546A971089F8}.Release|Any CPU.ActiveCfg = Release|Any CPU
		{F3C37FE0-613F-49EF-BE8E-546A971089F8}.Release|Any CPU.Build.0 = Release|Any CPU
		{193CFF27-056C-4F2B-9C9A-7B53D473D1DF}.Debug|Any CPU.ActiveCfg = Debug|Any CPU
		{193CFF27-056C-4F2B-9C9A-7B53D473D1DF}.Debug|Any CPU.Build.0 = Debug|Any CPU
		{193CFF27-056C-4F2B-9C9A-7B53D473D1DF}.Release|Any CPU.ActiveCfg = Release|Any CPU
		{193CFF27-056C-4F2B-9C9A-7B53D473D1DF}.Release|Any CPU.Build.0 = Release|Any CPU
	EndGlobalSection
	GlobalSection(SolutionProperties) = preSolution
		HideSolutionNode = FALSE
	EndGlobalSection
EndGlobal
